---
mruby_version:
  version: 2.1.2
  release_no: 20102
  git_commit: 1a9bdfcde5fd7c91e756747ba0565f29385115a7
builds:
  host:
    git@github.com:ksss/mruby-stringio.git:
      url: git@github.com:ksss/mruby-stringio.git
      branch: master
      commit: 97cc4434519e85a0785a1b4cf6f872a220f772db
      version: 0.0.0
    git@github.com:sinisterchipmunk/mruby-polarssl.git:
      url: git@github.com:sinisterchipmunk/mruby-polarssl.git
      branch: master
      commit: 378de8175e33ea6367e9775ba97d5934e54e09d5
      version: 2.1.2
    git@github.com:iij/mruby-mtest.git:
      url: git@github.com:iij/mruby-mtest.git
      branch: master
      commit: 34a477d249b0d21671058be33aa75d04c3e981ba
      version: 0.0.0
